name: probe-v217-repair-lock

on:
  workflow_dispatch:
  pull_request:
    paths:
      - .github/workflows/probe-v217-lock.yml
      - tests/test_v218_lock_probe.py

permissions:
  contents: read

concurrency:
  group: v217-lock-probe-${{ github.run_id }}-${{ github.run_attempt }}
  cancel-in-progress: false

jobs:
  propose:
    runs-on: ubuntu-latest
    timeout-minutes: 20
    steps:
      - uses: actions/setup-node@v4
        with:
          node-version: 22.22.1
      - name: Verify the exact generator and immutable input
        shell: bash
        run: |
          set -euo pipefail
          test "$(node --version)" = v22.22.1
          test "$(npm --version)" = 10.9.4
          mkdir -p "$RUNNER_TEMP/v217-lock-probe"
          cd "$RUNNER_TEMP/v217-lock-probe"
          touch empty-user.npmrc empty-global.npmrc
          curl --fail --silent --show-error --proto '=https' --tlsv1.2 --max-filesize 65536 \
            https://raw.githubusercontent.com/1Panel-dev/1Panel/6e052b8ef265dedbe2a50316159ee2b47fefb9ed/frontend/package.json \
            --output package.json
          printf '%s\n' '136f560604df9d40d22efd9ca3344c0098d5afbaf20af13573afe990843e07f5  package.json' | sha256sum --check --strict
      - name: Resolve a candidate lock without lifecycle scripts
        shell: bash
        env:
          NPM_CONFIG_USERCONFIG: ${{ runner.temp }}/v217-lock-probe/empty-user.npmrc
          NPM_CONFIG_GLOBALCONFIG: ${{ runner.temp }}/v217-lock-probe/empty-global.npmrc
          NPM_CONFIG_REGISTRY: https://registry.npmjs.org
          NPM_CONFIG_IGNORE_SCRIPTS: 'true'
          NPM_CONFIG_AUDIT: 'false'
          NPM_CONFIG_FUND: 'false'
          NPM_CONFIG_ENGINE_STRICT: 'true'
        run: |
          set -euo pipefail
          cd "$RUNNER_TEMP/v217-lock-probe"
          npm install --package-lock-only --ignore-scripts --engine-strict --no-audit --no-fund
          npm ci --dry-run --ignore-scripts --engine-strict --no-audit --no-fund
          test ! -e node_modules
          printf '%s\n' '136f560604df9d40d22efd9ca3344c0098d5afbaf20af13573afe990843e07f5  package.json' | sha256sum --check --strict
      - name: Check the candidate graph and record provenance
        shell: bash
        run: |
          set -euo pipefail
          cd "$RUNNER_TEMP/v217-lock-probe"
          export PROBE_NPM_ROOT="$(npm root -g)"
          node <<'NODE'
          const fs = require('node:fs');
          const crypto = require('node:crypto');
          const semver = require(process.env.PROBE_NPM_ROOT + '/npm/node_modules/semver');
          const manifest = JSON.parse(fs.readFileSync('package.json'));
          const raw = fs.readFileSync('package-lock.json');
          if (raw.length > 4 * 1024 * 1024) throw new Error('Unexpected lock size');
          const lock = JSON.parse(raw);
          if (lock.lockfileVersion !== 3 || !lock.packages?.['']) throw new Error('Unsupported lock schema');
          const canonical = value => JSON.stringify(Object.entries(value || {}).sort(([a], [b]) => a.localeCompare(b)));
          if (lock.name !== manifest.name || lock.version !== manifest.version) throw new Error('Root identity changed');
          for (const key of ['dependencies', 'devDependencies', 'optionalDependencies']) {
            if (canonical(lock.packages[''][key]) !== canonical(manifest[key])) throw new Error('Root manifest changed: ' + key);
          }
          // ENGINE_CHECK_BEGIN
          function checkEngines(engines, name) {
            if (engines == null) return;
            let requirements;
            if (Array.isArray(engines)) {
              requirements = engines.map(value => {
                if (typeof value !== 'string') throw new Error('Invalid legacy engine: ' + name);
                const match = value.match(/^([A-Za-z][A-Za-z0-9_-]*)\s+(.+)$/);
                if (!match) throw new Error('Invalid legacy engine: ' + name);
                return [match[1], match[2]];
              });
            } else if (typeof engines === 'object') {
              requirements = Object.entries(engines);
            } else {
              throw new Error('Invalid engine schema: ' + name);
            }
            for (const [engine, range] of requirements) {
              if (!['node', 'npm'].includes(engine)) continue;
              if (typeof range !== 'string' || semver.validRange(range) === null) throw new Error('Invalid engine range: ' + name);
              const version = engine === 'node' ? '22.22.1' : '10.9.4';
              if (!semver.satisfies(version, range)) throw new Error('Unsupported ' + engine + ' engine: ' + name);
            }
          }
          // ENGINE_CHECK_END
          const packages = Object.entries(lock.packages).filter(([name]) => name);
          for (const [name, pkg] of packages) {
            if (!name.startsWith('node_modules/') || pkg.link) throw new Error('Unexpected dependency path: ' + name);
            const url = new URL(pkg.resolved);
            if (url.protocol !== 'https:' || url.hostname !== 'registry.npmjs.org' || url.username || url.password || url.port || url.search || url.hash) throw new Error('Non-registry dependency: ' + name);
            if (!/^sha512-[A-Za-z0-9+/]+={0,2}$/.test(pkg.integrity || '') || Buffer.from((pkg.integrity || '').slice(7), 'base64').length !== 64) throw new Error('Missing SHA-512 integrity: ' + name);
            checkEngines(pkg.engines, name);
          }
          const result = {
            kind: 'proposed_derived_repair_lock_not_original_source',
            version: 'v2.1.7', source_commit: '6e052b8ef265dedbe2a50316159ee2b47fefb9ed',
            package_json_sha256: crypto.createHash('sha256').update(fs.readFileSync('package.json')).digest('hex'),
            package_lock_sha256: crypto.createHash('sha256').update(raw).digest('hex'),
            lock_bytes: raw.length, package_count: packages.length,
            node: process.version, npm: '10.9.4', registry: 'https://registry.npmjs.org',
            lifecycle_scripts: false, workflow_commit: process.env.GITHUB_SHA,
            workflow_run_id: process.env.GITHUB_RUN_ID, workflow_run_attempt: process.env.GITHUB_RUN_ATTEMPT,
            activation: 'none; independent integrity review and full build gates still required'
          };
          fs.writeFileSync('provenance.json', JSON.stringify(result, null, 2) + '\n');
          console.log(JSON.stringify(result));
          NODE
      - uses: actions/upload-artifact@v4
        with:
          name: proposed-v217-lock-${{ github.run_id }}-${{ github.run_attempt }}
          path: |
            ${{ runner.temp }}/v217-lock-probe/package-lock.json
            ${{ runner.temp }}/v217-lock-probe/provenance.json
          if-no-files-found: error
          retention-days: 14
